
Microsoft Visual Studio Solution File, Format Version 11.00
# Visual Studio 2010
Project("{FAE04EC0-301F-11D3-BF4B-00C04F79EFBC}") = "AlephVault.Unity.WindRose.RefMapChars.Runtime", "AlephVault.Unity.WindRose.RefMapChars.Runtime.csproj", "{bb2c538e-5eb9-e072-b2fc-0f15bbe89df8}"
EndProject
Project("{FAE04EC0-301F-11D3-BF4B-00C04F79EFBC}") = "AlephVault.Unity.Binary.Runtime", "AlephVault.Unity.Binary.Runtime.csproj", "{e97db9fa-e371-1714-36b1-77f47b87e68b}"
EndProject
Project("{FAE04EC0-301F-11D3-BF4B-00C04F79EFBC}") = "AlephVault.Unity.Meetgard.Scopes.Runtime", "AlephVault.Unity.Meetgard.Scopes.Runtime.csproj", "{fdddde09-1db6-e936-5099-ba820d5ea2df}"
EndProject
Project("{FAE04EC0-301F-11D3-BF4B-00C04F79EFBC}") = "AlephVault.Unity.Meetgard.Runtime", "AlephVault.Unity.Meetgard.Runtime.csproj", "{c105d9dd-5e5f-350e-49a9-6f1fb2996c59}"
EndProject
Project("{FAE04EC0-301F-11D3-BF4B-00C04F79EFBC}") = "AlephVault.Unity.EVMGames.Contracts.Samples", "AlephVault.Unity.EVMGames.Contracts.Samples.csproj", "{8e92eb76-2ce5-ce53-98a6-0828ff2584de}"
EndProject
Project("{FAE04EC0-301F-11D3-BF4B-00C04F79EFBC}") = "AlephVault.Unity.BackPack.Runtime", "AlephVault.Unity.BackPack.Runtime.csproj", "{d46f38e1-8417-b47f-4f09-14f440945298}"
EndProject
Project("{FAE04EC0-301F-11D3-BF4B-00C04F79EFBC}") = "AlephVault.Unity.Boilerplates.Editor", "AlephVault.Unity.Boilerplates.Editor.csproj", "{92ace289-181e-9ef5-a91d-43e1a5acec63}"
EndProject
Project("{FAE04EC0-301F-11D3-BF4B-00C04F79EFBC}") = "AlephVault.Unity.Support.Runtime", "AlephVault.Unity.Support.Runtime.csproj", "{8b2c4eb2-9fae-7037-bddd-bee8dfe65f55}"
EndProject
Project("{FAE04EC0-301F-11D3-BF4B-00C04F79EFBC}") = "AlephVault.Unity.Support.Generic.Runtime", "AlephVault.Unity.Support.Generic.Runtime.csproj", "{a2dbfef4-26cd-0644-f0c2-b04ade821ac3}"
EndProject
Project("{FAE04EC0-301F-11D3-BF4B-00C04F79EFBC}") = "AlephVault.Unity.Meetgard.Auth.Runtime", "AlephVault.Unity.Meetgard.Auth.Runtime.csproj", "{84748b79-6c81-2fa4-2fe7-2f80fc3ee19e}"
EndProject
Project("{FAE04EC0-301F-11D3-BF4B-00C04F79EFBC}") = "AlephVault.Unity.EVMGames.Contracts.Editor", "AlephVault.Unity.EVMGames.Contracts.Editor.csproj", "{406c686f-eebd-d4fe-f6a7-1c627c3363a0}"
EndProject
Project("{FAE04EC0-301F-11D3-BF4B-00C04F79EFBC}") = "AlephVault.Unity.GabTab.Editor", "AlephVault.Unity.GabTab.Editor.csproj", "{6c93415b-cd41-5fb1-2e36-d3552efd1ef4}"
EndProject
Project("{FAE04EC0-301F-11D3-BF4B-00C04F79EFBC}") = "AlephVault.Unity.NetRose.Samples", "AlephVault.Unity.NetRose.Samples.csproj", "{0e30ed52-faae-358b-d232-263b2c5ef982}"
EndProject
Project("{FAE04EC0-301F-11D3-BF4B-00C04F79EFBC}") = "AlephVault.Unity.NetRose.Runtime", "AlephVault.Unity.NetRose.Runtime.csproj", "{7b3e15e2-f9f3-5e07-cfca-d9bd6d44e015}"
EndProject
Project("{FAE04EC0-301F-11D3-BF4B-00C04F79EFBC}") = "AlephVault.Unity.Meetgard.Scopes.Samples", "AlephVault.Unity.Meetgard.Scopes.Samples.csproj", "{cb21d156-f7c8-e2c3-4b46-1454029d4a13}"
EndProject
Project("{FAE04EC0-301F-11D3-BF4B-00C04F79EFBC}") = "AlephVault.Unity.IPFS.Runtime", "AlephVault.Unity.IPFS.Runtime.csproj", "{943b04dd-afa3-d363-aee1-95a121b9d5ae}"
EndProject
Project("{FAE04EC0-301F-11D3-BF4B-00C04F79EFBC}") = "AlephVault.Unity.EVMGames.LiveCache.Runtime", "AlephVault.Unity.EVMGames.LiveCache.Runtime.csproj", "{8f87f980-2369-8915-2d68-08754de24da1}"
EndProject
Project("{FAE04EC0-301F-11D3-BF4B-00C04F79EFBC}") = "AlephVault.Unity.RemoteStorage.Samples", "AlephVault.Unity.RemoteStorage.Samples.csproj", "{9b53e9b0-d97c-130f-5013-18993168527d}"
EndProject
Project("{FAE04EC0-301F-11D3-BF4B-00C04F79EFBC}") = "AlephVault.Unity.WindRose.Runtime", "AlephVault.Unity.WindRose.Runtime.csproj", "{f0212bf1-db92-2851-7d98-e19c7d466cfc}"
EndProject
Project("{FAE04EC0-301F-11D3-BF4B-00C04F79EFBC}") = "AlephVault.Unity.RemoteStorage.Runtime", "AlephVault.Unity.RemoteStorage.Runtime.csproj", "{642aa7e5-28b4-90cc-d57a-65eeb8daec97}"
EndProject
Project("{FAE04EC0-301F-11D3-BF4B-00C04F79EFBC}") = "AlephVault.Unity.SpriteUtils.Runtime", "AlephVault.Unity.SpriteUtils.Runtime.csproj", "{4265055e-3da4-42de-7f27-edf961c306fb}"
EndProject
Project("{FAE04EC0-301F-11D3-BF4B-00C04F79EFBC}") = "AlephVault.Unity.EVMGames.Auth.Samples", "AlephVault.Unity.EVMGames.Auth.Samples.csproj", "{59863556-9340-7f01-9d79-2639df5d999c}"
EndProject
Project("{FAE04EC0-301F-11D3-BF4B-00C04F79EFBC}") = "AlephVault.Unity.GabTab.Runtime", "AlephVault.Unity.GabTab.Runtime.csproj", "{cd690da9-375f-69f7-6ebc-52c688eb2e7b}"
EndProject
Project("{FAE04EC0-301F-11D3-BF4B-00C04F79EFBC}") = "AlephVault.Unity.WindRose.CubeWorlds.Runtime", "AlephVault.Unity.WindRose.CubeWorlds.Runtime.csproj", "{39f50a45-f340-032d-1359-1f74d0b55a25}"
EndProject
Project("{FAE04EC0-301F-11D3-BF4B-00C04F79EFBC}") = "AlephVault.Unity.Meetgard.Samples", "AlephVault.Unity.Meetgard.Samples.csproj", "{12c0c73d-8e04-a987-065c-30e35bc1a74c}"
EndProject
Project("{FAE04EC0-301F-11D3-BF4B-00C04F79EFBC}") = "AlephVault.Unity.Meetgard.Auth.Samples", "AlephVault.Unity.Meetgard.Auth.Samples.csproj", "{f6896e04-908a-47bb-71e4-794d0986a90a}"
EndProject
Project("{FAE04EC0-301F-11D3-BF4B-00C04F79EFBC}") = "AlephVault.Unity.Meetgard.Editor", "AlephVault.Unity.Meetgard.Editor.csproj", "{1a46967a-2b3d-57e8-4ac3-fb72666b96e1}"
EndProject
Project("{FAE04EC0-301F-11D3-BF4B-00C04F79EFBC}") = "AlephVault.Unity.EVMGames.DeepLinks.Runtime", "AlephVault.Unity.EVMGames.DeepLinks.Runtime.csproj", "{8c396d70-4b8c-d62f-9210-a6cea9a1777e}"
EndProject
Project("{FAE04EC0-301F-11D3-BF4B-00C04F79EFBC}") = "AlephVault.Unity.EVMGames.Contracts.Bridge.Runtime", "AlephVault.Unity.EVMGames.Contracts.Bridge.Runtime.csproj", "{60e9a743-04f5-5872-c754-a42889690668}"
EndProject
Project("{FAE04EC0-301F-11D3-BF4B-00C04F79EFBC}") = "AlephVault.Unity.WindRose.BackPack.Editor", "AlephVault.Unity.WindRose.BackPack.Editor.csproj", "{ba504475-904b-070e-f80b-ccd994fbceae}"
EndProject
Project("{FAE04EC0-301F-11D3-BF4B-00C04F79EFBC}") = "AlephVault.Unity.WindRose.Editor", "AlephVault.Unity.WindRose.Editor.csproj", "{8d5646a7-0e13-7849-112e-a04320c2937d}"
EndProject
Project("{FAE04EC0-301F-11D3-BF4B-00C04F79EFBC}") = "AlephVault.Unity.WindRose.SpriteUtils.Runtime", "AlephVault.Unity.WindRose.SpriteUtils.Runtime.csproj", "{ef20b218-d69a-b0d6-cbc4-1fb0f67abab0}"
EndProject
Project("{FAE04EC0-301F-11D3-BF4B-00C04F79EFBC}") = "AlephVault.Unity.SpriteUtils.Samples", "AlephVault.Unity.SpriteUtils.Samples.csproj", "{cb4e3e22-0ede-d47c-0fb6-56052115713b}"
EndProject
Project("{FAE04EC0-301F-11D3-BF4B-00C04F79EFBC}") = "AlephVault.Unity.Meetgard.Auth.Editor", "AlephVault.Unity.Meetgard.Auth.Editor.csproj", "{406ee561-7531-9059-927d-7aaed28ce43a}"
EndProject
Project("{FAE04EC0-301F-11D3-BF4B-00C04F79EFBC}") = "AlephVault.Unity.WindRose.SpriteUtils.Samples", "AlephVault.Unity.WindRose.SpriteUtils.Samples.csproj", "{22e4e42a-43e0-d7d4-a111-ccec099431a7}"
EndProject
Project("{FAE04EC0-301F-11D3-BF4B-00C04F79EFBC}") = "AlephVault.Unity.EVMGames.Contracts.Runtime", "AlephVault.Unity.EVMGames.Contracts.Runtime.csproj", "{df05358f-79d6-b2c7-89f1-677c324d393f}"
EndProject
Project("{FAE04EC0-301F-11D3-BF4B-00C04F79EFBC}") = "AlephVault.Unity.WindRose.RefMapChars.Editor", "AlephVault.Unity.WindRose.RefMapChars.Editor.csproj", "{9ca7a9f3-c2be-a1b4-f5df-eb98edf80911}"
EndProject
Project("{FAE04EC0-301F-11D3-BF4B-00C04F79EFBC}") = "AlephVault.Unity.EVMGames.Auth.Runtime", "AlephVault.Unity.EVMGames.Auth.Runtime.csproj", "{acca8e23-7a7a-5c22-a49a-a25903f00fb9}"
EndProject
Project("{FAE04EC0-301F-11D3-BF4B-00C04F79EFBC}") = "AlephVault.Unity.DeepLinks.Runtime", "AlephVault.Unity.DeepLinks.Runtime.csproj", "{632beb8a-1edb-70d5-c43e-b5fce02bfab1}"
EndProject
Project("{FAE04EC0-301F-11D3-BF4B-00C04F79EFBC}") = "AlephVault.Unity.NetRose.Editor", "AlephVault.Unity.NetRose.Editor.csproj", "{34aebe36-12ac-75ac-55da-7129abb40360}"
EndProject
Project("{FAE04EC0-301F-11D3-BF4B-00C04F79EFBC}") = "AlephVault.Unity.NetRose.RefMapChars.Runtime", "AlephVault.Unity.NetRose.RefMapChars.Runtime.csproj", "{dca77e14-334b-8481-58fb-75aa35c0aa86}"
EndProject
Project("{FAE04EC0-301F-11D3-BF4B-00C04F79EFBC}") = "AlephVault.Unity.WindRose.RefMapChars.Samples", "AlephVault.Unity.WindRose.RefMapChars.Samples.csproj", "{d4d2079d-4964-9dc8-33ae-b4b459b3e46b}"
EndProject
Project("{FAE04EC0-301F-11D3-BF4B-00C04F79EFBC}") = "AlephVault.Unity.TextureUtils.Runtime", "AlephVault.Unity.TextureUtils.Runtime.csproj", "{8446ba97-ea97-94fa-8b2a-7885aeef546b}"
EndProject
Project("{FAE04EC0-301F-11D3-BF4B-00C04F79EFBC}") = "AlephVault.Unity.Layout.Runtime", "AlephVault.Unity.Layout.Runtime.csproj", "{078c7043-7970-c350-200a-34f326b446f6}"
EndProject
Project("{FAE04EC0-301F-11D3-BF4B-00C04F79EFBC}") = "AlephVault.Unity.WindRose.BackPack.Runtime", "AlephVault.Unity.WindRose.BackPack.Runtime.csproj", "{04af6ee5-bc2d-88f3-5ebe-84b1c66d1c35}"
EndProject
Project("{FAE04EC0-301F-11D3-BF4B-00C04F79EFBC}") = "AlephVault.Unity.WindRose.Biomes.Runtime", "AlephVault.Unity.WindRose.Biomes.Runtime.csproj", "{6e1d2714-35c7-4c1d-1ac2-fdb84e87b427}"
EndProject
Project("{FAE04EC0-301F-11D3-BF4B-00C04F79EFBC}") = "AlephVault.Unity.WindRose.NeighbourTeleports.Samples", "AlephVault.Unity.WindRose.NeighbourTeleports.Samples.csproj", "{715444bb-d662-8260-f329-080027b301a6}"
EndProject
Project("{FAE04EC0-301F-11D3-BF4B-00C04F79EFBC}") = "AlephVault.Unity.Support.Generic.Editor", "AlephVault.Unity.Support.Generic.Editor.csproj", "{dd95c86f-2e90-a316-eede-f7a6fc363c49}"
EndProject
Project("{FAE04EC0-301F-11D3-BF4B-00C04F79EFBC}") = "AlephVault.Unity.EVMGames.Wallets.Runtime", "AlephVault.Unity.EVMGames.Wallets.Runtime.csproj", "{f0bbe1f8-a525-c6f1-c439-380b76723779}"
EndProject
Project("{FAE04EC0-301F-11D3-BF4B-00C04F79EFBC}") = "AlephVault.Unity.EVMGames.DeepLinks.Samples", "AlephVault.Unity.EVMGames.DeepLinks.Samples.csproj", "{892f1411-b8a7-1977-ee61-90c4517f1fce}"
EndProject
Project("{FAE04EC0-301F-11D3-BF4B-00C04F79EFBC}") = "AlephVault.Unity.MenuActions.Editor", "AlephVault.Unity.MenuActions.Editor.csproj", "{794ae9a4-edc5-1e1e-a242-0461afef3fb3}"
EndProject
Project("{FAE04EC0-301F-11D3-BF4B-00C04F79EFBC}") = "AlephVault.Unity.WindRose.Biomes.Samples", "AlephVault.Unity.WindRose.Biomes.Samples.csproj", "{2e30bcb9-3ae5-2457-6cdb-b2147bc3c89f}"
EndProject
Project("{FAE04EC0-301F-11D3-BF4B-00C04F79EFBC}") = "AlephVault.Unity.WindRose.NeighbourTeleports.Runtime", "AlephVault.Unity.WindRose.NeighbourTeleports.Runtime.csproj", "{ade653f1-bf9b-8c7c-9b47-25fc875b427f}"
EndProject
Project("{FAE04EC0-301F-11D3-BF4B-00C04F79EFBC}") = "AlephVault.Unity.EVMGames.LocalStorage.Runtime", "AlephVault.Unity.EVMGames.LocalStorage.Runtime.csproj", "{69e4b27e-bc2f-00cb-290b-16579bb23eb2}"
EndProject
Project("{FAE04EC0-301F-11D3-BF4B-00C04F79EFBC}") = "AlephVault.Unity.WindRose.GabTab.Runtime", "AlephVault.Unity.WindRose.GabTab.Runtime.csproj", "{1e1120f1-43f6-a519-6c03-10b4660decde}"
EndProject
Project("{FAE04EC0-301F-11D3-BF4B-00C04F79EFBC}") = "AlephVault.Unity.NetRose.Storage.Editor", "AlephVault.Unity.NetRose.Storage.Editor.csproj", "{cbe7b851-b448-8793-0592-f793dc8e479f}"
EndProject
Project("{FAE04EC0-301F-11D3-BF4B-00C04F79EFBC}") = "AlephVault.Unity.SoundAround", "AlephVault.Unity.SoundAround.csproj", "{32d79dd3-d779-0d23-d7af-103705b24cba}"
EndProject
Project("{FAE04EC0-301F-11D3-BF4B-00C04F79EFBC}") = "AlephVault.Unity.EVMGames.LocalStorage.Samples", "AlephVault.Unity.EVMGames.LocalStorage.Samples.csproj", "{bb024e39-7b9f-4b3b-4758-135f841dd84f}"
EndProject
Project("{FAE04EC0-301F-11D3-BF4B-00C04F79EFBC}") = "AlephVault.Unity.NetRose.RefMapChars.Editor", "AlephVault.Unity.NetRose.RefMapChars.Editor.csproj", "{ef59e535-747a-8875-2b5f-46a757b8dc1d}"
EndProject
Project("{FAE04EC0-301F-11D3-BF4B-00C04F79EFBC}") = "AlephVault.Unity.BackPack.Editor", "AlephVault.Unity.BackPack.Editor.csproj", "{880326a4-39b9-5a8a-9b4c-13e58a108762}"
EndProject
Project("{FAE04EC0-301F-11D3-BF4B-00C04F79EFBC}") = "AlephVault.Unity.TextureUtils.Samples", "AlephVault.Unity.TextureUtils.Samples.csproj", "{ebf57f33-3003-d9ef-cbac-43d322c1d65b}"
EndProject
Project("{FAE04EC0-301F-11D3-BF4B-00C04F79EFBC}") = "AlephVault.Unity.DeepLinks.Samples", "AlephVault.Unity.DeepLinks.Samples.csproj", "{8ec14d17-dbf5-92b8-ddf0-9cf064fe0bc7}"
EndProject
Project("{FAE04EC0-301F-11D3-BF4B-00C04F79EFBC}") = "AlephVault.Unity.IPFS.Samples", "AlephVault.Unity.IPFS.Samples.csproj", "{b0ca680a-2d13-f6a6-6afd-d0bcf1e51334}"
EndProject
Project("{FAE04EC0-301F-11D3-BF4B-00C04F79EFBC}") = "AlephVault.Unity.EVMGames.LiveCache.Samples", "AlephVault.Unity.EVMGames.LiveCache.Samples.csproj", "{3b91e908-1402-05e0-d297-070dd3b1893b}"
EndProject
Project("{FAE04EC0-301F-11D3-BF4B-00C04F79EFBC}") = "AlephVault.Unity.WindRose.CubeWorlds.Samples", "AlephVault.Unity.WindRose.CubeWorlds.Samples.csproj", "{ba05ed84-f4cf-2806-5552-ba4dc6be0fe6}"
EndProject
Project("{FAE04EC0-301F-11D3-BF4B-00C04F79EFBC}") = "AlephVault.Unity.WindRose.GabTab.Editor", "AlephVault.Unity.WindRose.GabTab.Editor.csproj", "{e180c658-ae1a-6787-6251-a7c69823a38e}"
EndProject
Project("{FAE04EC0-301F-11D3-BF4B-00C04F79EFBC}") = "Assembly-CSharp", "Assembly-CSharp.csproj", "{853f21c8-d991-75b6-8ded-a1745657e10e}"
EndProject
Project("{FAE04EC0-301F-11D3-BF4B-00C04F79EFBC}") = "Nethereum", "Nethereum.csproj", "{e5a003cf-bc83-438c-cfc5-ae150150cf84}"
EndProject
Project("{FAE04EC0-301F-11D3-BF4B-00C04F79EFBC}") = "AlephVault.Unity.LPCBiomes.Runtime", "AlephVault.Unity.LPCBiomes.Runtime.csproj", "{b3f7e5b9-a2e8-b57f-ebf0-a1e2fd5ff9b6}"
EndProject
Project("{FAE04EC0-301F-11D3-BF4B-00C04F79EFBC}") = "Nethereum.Unity.WalletConnect", "Nethereum.Unity.WalletConnect.csproj", "{55afa26c-ca07-8fb2-a362-bc50aa4517e2}"
EndProject
Global
	GlobalSection(SolutionConfigurationPlatforms) = preSolution
		Debug|Any CPU = Debug|Any CPU
	EndGlobalSection
	GlobalSection(ProjectConfigurationPlatforms) = postSolution
		{bb2c538e-5eb9-e072-b2fc-0f15bbe89df8}.Debug|Any CPU.ActiveCfg = Debug|Any CPU
		{bb2c538e-5eb9-e072-b2fc-0f15bbe89df8}.Debug|Any CPU.Build.0 = Debug|Any CPU
		{e97db9fa-e371-1714-36b1-77f47b87e68b}.Debug|Any CPU.ActiveCfg = Debug|Any CPU
		{e97db9fa-e371-1714-36b1-77f47b87e68b}.Debug|Any CPU.Build.0 = Debug|Any CPU
		{fdddde09-1db6-e936-5099-ba820d5ea2df}.Debug|Any CPU.ActiveCfg = Debug|Any CPU
		{fdddde09-1db6-e936-5099-ba820d5ea2df}.Debug|Any CPU.Build.0 = Debug|Any CPU
		{c105d9dd-5e5f-350e-49a9-6f1fb2996c59}.Debug|Any CPU.ActiveCfg = Debug|Any CPU
		{c105d9dd-5e5f-350e-49a9-6f1fb2996c59}.Debug|Any CPU.Build.0 = Debug|Any CPU
		{8e92eb76-2ce5-ce53-98a6-0828ff2584de}.Debug|Any CPU.ActiveCfg = Debug|Any CPU
		{8e92eb76-2ce5-ce53-98a6-0828ff2584de}.Debug|Any CPU.Build.0 = Debug|Any CPU
		{d46f38e1-8417-b47f-4f09-14f440945298}.Debug|Any CPU.ActiveCfg = Debug|Any CPU
		{d46f38e1-8417-b47f-4f09-14f440945298}.Debug|Any CPU.Build.0 = Debug|Any CPU
		{92ace289-181e-9ef5-a91d-43e1a5acec63}.Debug|Any CPU.ActiveCfg = Debug|Any CPU
		{92ace289-181e-9ef5-a91d-43e1a5acec63}.Debug|Any CPU.Build.0 = Debug|Any CPU
		{8b2c4eb2-9fae-7037-bddd-bee8dfe65f55}.Debug|Any CPU.ActiveCfg = Debug|Any CPU
		{8b2c4eb2-9fae-7037-bddd-bee8dfe65f55}.Debug|Any CPU.Build.0 = Debug|Any CPU
		{a2dbfef4-26cd-0644-f0c2-b04ade821ac3}.Debug|Any CPU.ActiveCfg = Debug|Any CPU
		{a2dbfef4-26cd-0644-f0c2-b04ade821ac3}.Debug|Any CPU.Build.0 = Debug|Any CPU
		{84748b79-6c81-2fa4-2fe7-2f80fc3ee19e}.Debug|Any CPU.ActiveCfg = Debug|Any CPU
		{84748b79-6c81-2fa4-2fe7-2f80fc3ee19e}.Debug|Any CPU.Build.0 = Debug|Any CPU
		{406c686f-eebd-d4fe-f6a7-1c627c3363a0}.Debug|Any CPU.ActiveCfg = Debug|Any CPU
		{406c686f-eebd-d4fe-f6a7-1c627c3363a0}.Debug|Any CPU.Build.0 = Debug|Any CPU
		{6c93415b-cd41-5fb1-2e36-d3552efd1ef4}.Debug|Any CPU.ActiveCfg = Debug|Any CPU
		{6c93415b-cd41-5fb1-2e36-d3552efd1ef4}.Debug|Any CPU.Build.0 = Debug|Any CPU
		{0e30ed52-faae-358b-d232-263b2c5ef982}.Debug|Any CPU.ActiveCfg = Debug|Any CPU
		{0e30ed52-faae-358b-d232-263b2c5ef982}.Debug|Any CPU.Build.0 = Debug|Any CPU
		{7b3e15e2-f9f3-5e07-cfca-d9bd6d44e015}.Debug|Any CPU.ActiveCfg = Debug|Any CPU
		{7b3e15e2-f9f3-5e07-cfca-d9bd6d44e015}.Debug|Any CPU.Build.0 = Debug|Any CPU
		{cb21d156-f7c8-e2c3-4b46-1454029d4a13}.Debug|Any CPU.ActiveCfg = Debug|Any CPU
		{cb21d156-f7c8-e2c3-4b46-1454029d4a13}.Debug|Any CPU.Build.0 = Debug|Any CPU
		{943b04dd-afa3-d363-aee1-95a121b9d5ae}.Debug|Any CPU.ActiveCfg = Debug|Any CPU
		{943b04dd-afa3-d363-aee1-95a121b9d5ae}.Debug|Any CPU.Build.0 = Debug|Any CPU
		{8f87f980-2369-8915-2d68-08754de24da1}.Debug|Any CPU.ActiveCfg = Debug|Any CPU
		{8f87f980-2369-8915-2d68-08754de24da1}.Debug|Any CPU.Build.0 = Debug|Any CPU
		{9b53e9b0-d97c-130f-5013-18993168527d}.Debug|Any CPU.ActiveCfg = Debug|Any CPU
		{9b53e9b0-d97c-130f-5013-18993168527d}.Debug|Any CPU.Build.0 = Debug|Any CPU
		{f0212bf1-db92-2851-7d98-e19c7d466cfc}.Debug|Any CPU.ActiveCfg = Debug|Any CPU
		{f0212bf1-db92-2851-7d98-e19c7d466cfc}.Debug|Any CPU.Build.0 = Debug|Any CPU
		{642aa7e5-28b4-90cc-d57a-65eeb8daec97}.Debug|Any CPU.ActiveCfg = Debug|Any CPU
		{642aa7e5-28b4-90cc-d57a-65eeb8daec97}.Debug|Any CPU.Build.0 = Debug|Any CPU
		{4265055e-3da4-42de-7f27-edf961c306fb}.Debug|Any CPU.ActiveCfg = Debug|Any CPU
		{4265055e-3da4-42de-7f27-edf961c306fb}.Debug|Any CPU.Build.0 = Debug|Any CPU
		{59863556-9340-7f01-9d79-2639df5d999c}.Debug|Any CPU.ActiveCfg = Debug|Any CPU
		{59863556-9340-7f01-9d79-2639df5d999c}.Debug|Any CPU.Build.0 = Debug|Any CPU
		{cd690da9-375f-69f7-6ebc-52c688eb2e7b}.Debug|Any CPU.ActiveCfg = Debug|Any CPU
		{cd690da9-375f-69f7-6ebc-52c688eb2e7b}.Debug|Any CPU.Build.0 = Debug|Any CPU
		{39f50a45-f340-032d-1359-1f74d0b55a25}.Debug|Any CPU.ActiveCfg = Debug|Any CPU
		{39f50a45-f340-032d-1359-1f74d0b55a25}.Debug|Any CPU.Build.0 = Debug|Any CPU
		{12c0c73d-8e04-a987-065c-30e35bc1a74c}.Debug|Any CPU.ActiveCfg = Debug|Any CPU
		{12c0c73d-8e04-a987-065c-30e35bc1a74c}.Debug|Any CPU.Build.0 = Debug|Any CPU
		{f6896e04-908a-47bb-71e4-794d0986a90a}.Debug|Any CPU.ActiveCfg = Debug|Any CPU
		{f6896e04-908a-47bb-71e4-794d0986a90a}.Debug|Any CPU.Build.0 = Debug|Any CPU
		{1a46967a-2b3d-57e8-4ac3-fb72666b96e1}.Debug|Any CPU.ActiveCfg = Debug|Any CPU
		{1a46967a-2b3d-57e8-4ac3-fb72666b96e1}.Debug|Any CPU.Build.0 = Debug|Any CPU
		{8c396d70-4b8c-d62f-9210-a6cea9a1777e}.Debug|Any CPU.ActiveCfg = Debug|Any CPU
		{8c396d70-4b8c-d62f-9210-a6cea9a1777e}.Debug|Any CPU.Build.0 = Debug|Any CPU
		{60e9a743-04f5-5872-c754-a42889690668}.Debug|Any CPU.ActiveCfg = Debug|Any CPU
		{60e9a743-04f5-5872-c754-a42889690668}.Debug|Any CPU.Build.0 = Debug|Any CPU
		{ba504475-904b-070e-f80b-ccd994fbceae}.Debug|Any CPU.ActiveCfg = Debug|Any CPU
		{ba504475-904b-070e-f80b-ccd994fbceae}.Debug|Any CPU.Build.0 = Debug|Any CPU
		{8d5646a7-0e13-7849-112e-a04320c2937d}.Debug|Any CPU.ActiveCfg = Debug|Any CPU
		{8d5646a7-0e13-7849-112e-a04320c2937d}.Debug|Any CPU.Build.0 = Debug|Any CPU
		{ef20b218-d69a-b0d6-cbc4-1fb0f67abab0}.Debug|Any CPU.ActiveCfg = Debug|Any CPU
		{ef20b218-d69a-b0d6-cbc4-1fb0f67abab0}.Debug|Any CPU.Build.0 = Debug|Any CPU
		{cb4e3e22-0ede-d47c-0fb6-56052115713b}.Debug|Any CPU.ActiveCfg = Debug|Any CPU
		{cb4e3e22-0ede-d47c-0fb6-56052115713b}.Debug|Any CPU.Build.0 = Debug|Any CPU
		{406ee561-7531-9059-927d-7aaed28ce43a}.Debug|Any CPU.ActiveCfg = Debug|Any CPU
		{406ee561-7531-9059-927d-7aaed28ce43a}.Debug|Any CPU.Build.0 = Debug|Any CPU
		{22e4e42a-43e0-d7d4-a111-ccec099431a7}.Debug|Any CPU.ActiveCfg = Debug|Any CPU
		{22e4e42a-43e0-d7d4-a111-ccec099431a7}.Debug|Any CPU.Build.0 = Debug|Any CPU
		{df05358f-79d6-b2c7-89f1-677c324d393f}.Debug|Any CPU.ActiveCfg = Debug|Any CPU
		{df05358f-79d6-b2c7-89f1-677c324d393f}.Debug|Any CPU.Build.0 = Debug|Any CPU
		{9ca7a9f3-c2be-a1b4-f5df-eb98edf80911}.Debug|Any CPU.ActiveCfg = Debug|Any CPU
		{9ca7a9f3-c2be-a1b4-f5df-eb98edf80911}.Debug|Any CPU.Build.0 = Debug|Any CPU
		{acca8e23-7a7a-5c22-a49a-a25903f00fb9}.Debug|Any CPU.ActiveCfg = Debug|Any CPU
		{acca8e23-7a7a-5c22-a49a-a25903f00fb9}.Debug|Any CPU.Build.0 = Debug|Any CPU
		{632beb8a-1edb-70d5-c43e-b5fce02bfab1}.Debug|Any CPU.ActiveCfg = Debug|Any CPU
		{632beb8a-1edb-70d5-c43e-b5fce02bfab1}.Debug|Any CPU.Build.0 = Debug|Any CPU
		{34aebe36-12ac-75ac-55da-7129abb40360}.Debug|Any CPU.ActiveCfg = Debug|Any CPU
		{34aebe36-12ac-75ac-55da-7129abb40360}.Debug|Any CPU.Build.0 = Debug|Any CPU
		{dca77e14-334b-8481-58fb-75aa35c0aa86}.Debug|Any CPU.ActiveCfg = Debug|Any CPU
		{dca77e14-334b-8481-58fb-75aa35c0aa86}.Debug|Any CPU.Build.0 = Debug|Any CPU
		{d4d2079d-4964-9dc8-33ae-b4b459b3e46b}.Debug|Any CPU.ActiveCfg = Debug|Any CPU
		{d4d2079d-4964-9dc8-33ae-b4b459b3e46b}.Debug|Any CPU.Build.0 = Debug|Any CPU
		{8446ba97-ea97-94fa-8b2a-7885aeef546b}.Debug|Any CPU.ActiveCfg = Debug|Any CPU
		{8446ba97-ea97-94fa-8b2a-7885aeef546b}.Debug|Any CPU.Build.0 = Debug|Any CPU
		{078c7043-7970-c350-200a-34f326b446f6}.Debug|Any CPU.ActiveCfg = Debug|Any CPU
		{078c7043-7970-c350-200a-34f326b446f6}.Debug|Any CPU.Build.0 = Debug|Any CPU
		{04af6ee5-bc2d-88f3-5ebe-84b1c66d1c35}.Debug|Any CPU.ActiveCfg = Debug|Any CPU
		{04af6ee5-bc2d-88f3-5ebe-84b1c66d1c35}.Debug|Any CPU.Build.0 = Debug|Any CPU
		{6e1d2714-35c7-4c1d-1ac2-fdb84e87b427}.Debug|Any CPU.ActiveCfg = Debug|Any CPU
		{6e1d2714-35c7-4c1d-1ac2-fdb84e87b427}.Debug|Any CPU.Build.0 = Debug|Any CPU
		{715444bb-d662-8260-f329-080027b301a6}.Debug|Any CPU.ActiveCfg = Debug|Any CPU
		{715444bb-d662-8260-f329-080027b301a6}.Debug|Any CPU.Build.0 = Debug|Any CPU
		{dd95c86f-2e90-a316-eede-f7a6fc363c49}.Debug|Any CPU.ActiveCfg = Debug|Any CPU
		{dd95c86f-2e90-a316-eede-f7a6fc363c49}.Debug|Any CPU.Build.0 = Debug|Any CPU
		{f0bbe1f8-a525-c6f1-c439-380b76723779}.Debug|Any CPU.ActiveCfg = Debug|Any CPU
		{f0bbe1f8-a525-c6f1-c439-380b76723779}.Debug|Any CPU.Build.0 = Debug|Any CPU
		{892f1411-b8a7-1977-ee61-90c4517f1fce}.Debug|Any CPU.ActiveCfg = Debug|Any CPU
		{892f1411-b8a7-1977-ee61-90c4517f1fce}.Debug|Any CPU.Build.0 = Debug|Any CPU
		{794ae9a4-edc5-1e1e-a242-0461afef3fb3}.Debug|Any CPU.ActiveCfg = Debug|Any CPU
		{794ae9a4-edc5-1e1e-a242-0461afef3fb3}.Debug|Any CPU.Build.0 = Debug|Any CPU
		{2e30bcb9-3ae5-2457-6cdb-b2147bc3c89f}.Debug|Any CPU.ActiveCfg = Debug|Any CPU
		{2e30bcb9-3ae5-2457-6cdb-b2147bc3c89f}.Debug|Any CPU.Build.0 = Debug|Any CPU
		{ade653f1-bf9b-8c7c-9b47-25fc875b427f}.Debug|Any CPU.ActiveCfg = Debug|Any CPU
		{ade653f1-bf9b-8c7c-9b47-25fc875b427f}.Debug|Any CPU.Build.0 = Debug|Any CPU
		{69e4b27e-bc2f-00cb-290b-16579bb23eb2}.Debug|Any CPU.ActiveCfg = Debug|Any CPU
		{69e4b27e-bc2f-00cb-290b-16579bb23eb2}.Debug|Any CPU.Build.0 = Debug|Any CPU
		{1e1120f1-43f6-a519-6c03-10b4660decde}.Debug|Any CPU.ActiveCfg = Debug|Any CPU
		{1e1120f1-43f6-a519-6c03-10b4660decde}.Debug|Any CPU.Build.0 = Debug|Any CPU
		{cbe7b851-b448-8793-0592-f793dc8e479f}.Debug|Any CPU.ActiveCfg = Debug|Any CPU
		{cbe7b851-b448-8793-0592-f793dc8e479f}.Debug|Any CPU.Build.0 = Debug|Any CPU
		{32d79dd3-d779-0d23-d7af-103705b24cba}.Debug|Any CPU.ActiveCfg = Debug|Any CPU
		{32d79dd3-d779-0d23-d7af-103705b24cba}.Debug|Any CPU.Build.0 = Debug|Any CPU
		{bb024e39-7b9f-4b3b-4758-135f841dd84f}.Debug|Any CPU.ActiveCfg = Debug|Any CPU
		{bb024e39-7b9f-4b3b-4758-135f841dd84f}.Debug|Any CPU.Build.0 = Debug|Any CPU
		{ef59e535-747a-8875-2b5f-46a757b8dc1d}.Debug|Any CPU.ActiveCfg = Debug|Any CPU
		{ef59e535-747a-8875-2b5f-46a757b8dc1d}.Debug|Any CPU.Build.0 = Debug|Any CPU
		{880326a4-39b9-5a8a-9b4c-13e58a108762}.Debug|Any CPU.ActiveCfg = Debug|Any CPU
		{880326a4-39b9-5a8a-9b4c-13e58a108762}.Debug|Any CPU.Build.0 = Debug|Any CPU
		{ebf57f33-3003-d9ef-cbac-43d322c1d65b}.Debug|Any CPU.ActiveCfg = Debug|Any CPU
		{ebf57f33-3003-d9ef-cbac-43d322c1d65b}.Debug|Any CPU.Build.0 = Debug|Any CPU
		{8ec14d17-dbf5-92b8-ddf0-9cf064fe0bc7}.Debug|Any CPU.ActiveCfg = Debug|Any CPU
		{8ec14d17-dbf5-92b8-ddf0-9cf064fe0bc7}.Debug|Any CPU.Build.0 = Debug|Any CPU
		{b0ca680a-2d13-f6a6-6afd-d0bcf1e51334}.Debug|Any CPU.ActiveCfg = Debug|Any CPU
		{b0ca680a-2d13-f6a6-6afd-d0bcf1e51334}.Debug|Any CPU.Build.0 = Debug|Any CPU
		{3b91e908-1402-05e0-d297-070dd3b1893b}.Debug|Any CPU.ActiveCfg = Debug|Any CPU
		{3b91e908-1402-05e0-d297-070dd3b1893b}.Debug|Any CPU.Build.0 = Debug|Any CPU
		{ba05ed84-f4cf-2806-5552-ba4dc6be0fe6}.Debug|Any CPU.ActiveCfg = Debug|Any CPU
		{ba05ed84-f4cf-2806-5552-ba4dc6be0fe6}.Debug|Any CPU.Build.0 = Debug|Any CPU
		{e180c658-ae1a-6787-6251-a7c69823a38e}.Debug|Any CPU.ActiveCfg = Debug|Any CPU
		{e180c658-ae1a-6787-6251-a7c69823a38e}.Debug|Any CPU.Build.0 = Debug|Any CPU
		{853f21c8-d991-75b6-8ded-a1745657e10e}.Debug|Any CPU.ActiveCfg = Debug|Any CPU
		{853f21c8-d991-75b6-8ded-a1745657e10e}.Debug|Any CPU.Build.0 = Debug|Any CPU
		{e5a003cf-bc83-438c-cfc5-ae150150cf84}.Debug|Any CPU.ActiveCfg = Debug|Any CPU
		{e5a003cf-bc83-438c-cfc5-ae150150cf84}.Debug|Any CPU.Build.0 = Debug|Any CPU
		{b3f7e5b9-a2e8-b57f-ebf0-a1e2fd5ff9b6}.Debug|Any CPU.ActiveCfg = Debug|Any CPU
		{b3f7e5b9-a2e8-b57f-ebf0-a1e2fd5ff9b6}.Debug|Any CPU.Build.0 = Debug|Any CPU
		{55afa26c-ca07-8fb2-a362-bc50aa4517e2}.Debug|Any CPU.ActiveCfg = Debug|Any CPU
		{55afa26c-ca07-8fb2-a362-bc50aa4517e2}.Debug|Any CPU.Build.0 = Debug|Any CPU
	EndGlobalSection
	GlobalSection(SolutionProperties) = preSolution
		HideSolutionNode = FALSE
	EndGlobalSection
EndGlobal
